# Generated by conda-lock.
# platform: osx-arm64
# input_hash: be4125742aa99879f200ff7916960744930b754ad4cf18245c3acc8aef58f6fd
@EXPLICIT
https://conda.anaconda.org/t/**********/conda-forge/noarch/font-ttf-dejavu-sans-mono-2.37-hab24e00_0.tar.bz2#0c96522c6bdaed4b1566d11387caaf45
https://conda.anaconda.org/t/**********/conda-forge/noarch/font-ttf-inconsolata-3.000-h77eed37_0.tar.bz2#34893075a5c9e55cdafac56607368fc6
https://conda.anaconda.org/t/**********/conda-forge/noarch/font-ttf-source-code-pro-2.038-h77eed37_0.tar.bz2#4d59c254e01d9cde7957100457e2d5fb
https://conda.anaconda.org/t/**********/conda-forge/noarch/font-ttf-ubuntu-0.83-h77eed37_3.conda#49023d73832ef61042f6a237cb2687e7
https://conda.anaconda.org/t/**********/conda-forge/osx-arm64/hicolor-icon-theme-0.17-hce30654_3.conda#cfb39109ac5fa8601eb595d66d5bf156
https://conda.anaconda.org/t/**********/conda-forge/osx-arm64/lame-3.100-h1a8c8d9_1003.tar.bz2#bff0e851d66725f78dc2fd8b032ddb7e
https://conda.anaconda.org/t/**********/conda-forge/osx-arm64/libcorrect-0.0.0-h1a8c8d9_0.conda#1b22175ccb06a90f74566d2dc97800f0
https://conda.anaconda.org/t/**********/conda-forge/osx-arm64/libev-4.33-h93a5062_2.conda#36d33e440c31857372a72137f78bacf5
https://conda.anaconda.org/t/**********/conda-forge/noarch/pybind11-abi-11-hc364b38_1.conda#f0599959a2447c1e544e216bddf393fa
https://conda.anaconda.org/t/**********/conda-forge/noarch/python_abi-3.13-8_cp313.conda#94305520c52a4aa3f6c2b1ff6008d9f8
https://conda.anaconda.org/t/**********/conda-forge/noarch/tzdata-2025c-hc9c84f9_1.conda#ad659d0a2b3e47e38d829aa8cad2d610
https://conda.anaconda.org/t/**********/conda-forge/osx-arm64/bzip2-1.0.8-hd037594_9.conda#620b85a3f45526a8bc4d23fd78fc22f0
https://conda.anaconda.org/t/**********/conda-forge/osx-arm64/c-ares-1.34.6-hc919400_0.conda#bcb3cba70cf1eec964a03b4ba7775f01
https://conda.anaconda.org/t/**********/conda-forge/noarch/ca-certificates-2026.2.25-hbd8a1cb_0.conda#4492fd26db29495f0ba23f146cd5638d
https://conda.anaconda.org/t/**********/conda-forge/osx-arm64/epoxy-1.5.10-hc919400_2.conda#3b87dabebe54c6d66a07b97b53ac5874
https://conda.anaconda.org/t/**********/conda-forge/noarch/fonts-conda-forge-1-hc364b38_1.conda#a7970cd949a077b7cb9696379d338681
https://conda.anaconda.org/t/**********/conda-forge/osx-arm64/fribidi-1.0.16-hc919400_0.conda#04bdce8d93a4ed181d1d726163c2d447
https://conda.anaconda.org/t/**********/conda-forge/osx-arm64/glew-2.3.0-hf163413_0.conda#3fb37080547d6ecb5e887569cd181819
https://conda.anaconda.org/t/**********/conda-forge/osx-arm64/glfw-3.4-hc919400_1.conda#77d80914f04ad95f9ed0338735986b95
https://conda.anaconda.org/t/**********/ryanvolz/noarch/gnuradio-leo-data-1.0.0.post20250214%2Bg8f62b92-unix_5.conda#869fa45a5bf1169e62a72cae066dbf22
https://conda.anaconda.org/t/**********/conda-forge/osx-arm64/gstreamer-orc-0.4.42-h370ae15_0.conda#3503d449cd2427fd401b8a5dd20237d5
https://conda.anaconda.org/t/**********/conda-forge/osx-arm64/icu-78.2-hef89b57_0.conda#114e6bfe7c5ad2525eb3597acdbf2300
https://conda.anaconda.org/t/**********/conda-forge/osx-arm64/libbrotlicommon-1.2.0-hc919400_1.conda#006e7ddd8a110771134fcc4e1e3a6ffa
https://conda.anaconda.org/t/**********/conda-forge/osx-arm64/libcodec2-1.2.0-h5505292_3.conda#ee4a2689fedd17712008db8c71993c93
https://conda.anaconda.org/t/**********/conda-forge/osx-arm64/libcxx-22.1.1-h55c6f16_0.conda#7a290d944bc0c481a55baf33fa289deb
https://conda.anaconda.org/t/**********/conda-forge/osx-arm64/libdeflate-1.25-hc11a715_0.conda#a6130c709305cd9828b4e1bd9ba0000c
https://conda.anaconda.org/t/**********/conda-forge/osx-arm64/libexpat-2.7.4-hf6b4638_0.conda#a92e310ae8dfc206ff449f362fc4217f
https://conda.anaconda.org/t/**********/conda-forge/osx-arm64/libffi-3.5.2-hcf2aa1b_0.conda#43c04d9cb46ef176bb2a4c77e324d599
https://conda.anaconda.org/t/**********/conda-forge/osx-arm64/libiconv-1.18-h23cfdf5_2.conda#4d5a7445f0b25b6a3ddbb56e790f5251
https://conda.anaconda.org/t/**********/conda-forge/osx-arm64/libjpeg-turbo-3.1.2-hc919400_0.conda#f0695fbecf1006f27f4395d64bd0c4b8
https://conda.anaconda.org/t/**********/conda-forge/osx-arm64/liblzma-5.8.2-h8088a28_0.conda#009f0d956d7bfb00de86901d16e486c7
https://conda.anaconda.org/t/**********/conda-forge/osx-arm64/libmpdec-4.0.0-h84a0fba_1.conda#57c4be259f5e0b99a5983799a228ae55
https://conda.anaconda.org/t/**********/conda-forge/osx-arm64/libntlm-1.8-h5505292_0.conda#c90c1d3bd778f5ec0d4bb4ef36cbd5b6
https://conda.anaconda.org/t/**********/conda-forge/osx-arm64/libogg-1.3.5-h48c0fde_1.conda#29b8b11f6d7e6bd0e76c029dcf9dd024
https://conda.anaconda.org/t/**********/conda-forge/osx-arm64/libopus-1.6.1-h1a92334_0.conda#7f414dd3fd1cb7a76e51fec074a9c49e
https://conda.anaconda.org/t/**********/conda-forge/osx-arm64/libpcap-1.10.6-h0404426_0.conda#81c495f2ea517dc263d9c52d32fdf636
https://conda.anaconda.org/t/**********/conda-forge/osx-arm64/libsodium-1.0.20-h99b78c6_0.conda#a7ce36e284c5faaf93c220dfc39e3abd
https://conda.anaconda.org/t/**********/conda-forge/osx-arm64/libusb-1.0.29-hbc156a2_0.conda#f6654e9e96e9d973981b3b2f898a5bfa
https://conda.anaconda.org/t/**********/conda-forge/osx-arm64/libuv-1.51.0-h6caf38d_1.conda#c0d87c3c8e075daf1daf6c31b53e8083
https://conda.anaconda.org/t/**********/conda-forge/osx-arm64/libwebp-base-1.6.0-h07db88b_0.conda#e5e7d467f80da752be17796b87fe6385
https://conda.anaconda.org/t/**********/conda-forge/osx-arm64/libzlib-1.3.1-h8359307_2.conda#369964e85dc26bfe78f41399b366c435
https://conda.anaconda.org/t/**********/conda-forge/osx-arm64/llvm-openmp-22.1.0-hc7d1edf_0.conda#ff0820b5588b20be3b858552ecf8ffae
https://conda.anaconda.org/t/**********/conda-forge/osx-arm64/ncurses-6.5-h5e97a16_3.conda#068d497125e4bf8a66bf707254fff5ae
https://conda.anaconda.org/t/**********/conda-forge/osx-arm64/pthread-stubs-0.4-hd74edd7_1002.conda#415816daf82e0b23a736a069a75e9da7
https://conda.anaconda.org/t/**********/conda-forge/osx-arm64/xorg-libxau-1.0.12-hc919400_1.conda#78b548eed8227a689f93775d5d23ae09
https://conda.anaconda.org/t/**********/conda-forge/osx-arm64/xorg-libxdmcp-1.1.5-hc919400_1.conda#9d1299ace1924aa8f4e0bc8e71dd0cf7
https://conda.anaconda.org/t/**********/conda-forge/osx-arm64/yaml-0.2.5-h925e9cb_3.conda#78a0fe9e9c50d2c381e8ee47e3ea437d
https://conda.anaconda.org/t/**********/conda-forge/osx-arm64/_openmp_mutex-4.5-7_kmp_llvm.conda#a44032f282e7d2acdeb1c240308052dd
https://conda.anaconda.org/t/**********/conda-forge/osx-arm64/codec2-1.2.0-h5505292_3.conda#4f2b1a1916956ce65e115c6f7c1b7f1f
https://conda.anaconda.org/t/**********/conda-forge/osx-arm64/fmt-12.1.0-h403dcb5_0.conda#ae2f556fbb43e5a75cc80a47ac942a8e
https://conda.anaconda.org/t/**********/conda-forge/noarch/fonts-conda-ecosystem-1-0.tar.bz2#fee5683a3f04bd15cbd8318b096a27ab
https://conda.anaconda.org/t/**********/conda-forge/osx-arm64/gmp-6.3.0-h7bae524_2.conda#eed7278dfbab727b56f2c0b64330814b
https://conda.anaconda.org/t/**********/conda-forge/osx-arm64/graphite2-1.3.14-hec049ff_2.conda#0fc46fee39e88bbcf5835f71a9d9a209
https://conda.anaconda.org/t/**********/conda-forge/osx-arm64/gtest-1.17.0-ha393de7_1.conda#f277a9eb8063fe7c4e33d91b8296fb0c
https://conda.anaconda.org/t/**********/conda-forge/osx-arm64/lerc-4.1.0-h1eee2c3_0.conda#095e5749868adab9cae42d4b460e5443
https://conda.anaconda.org/t/**********/conda-forge/osx-arm64/libabseil-20250512.1-cxx17_hd41c47c_0.conda#360dbb413ee2c170a0a684a33c4fc6b8
https://conda.anaconda.org/t/**********/conda-forge/osx-arm64/libaec-1.1.5-h8664d51_0.conda#13e6d9ae0efbc9d2e9a01a91f4372b41
https://conda.anaconda.org/t/**********/conda-forge/osx-arm64/libairspy-1.0.10-h5505292_1.conda#408fa26c97efe71bd626eb09933d65bb
https://conda.anaconda.org/t/**********/conda-forge/osx-arm64/libairspyhf-1.6.8-h5505292_1.conda#e5e3c774283df43c42c10d6a60e15f54
https://conda.anaconda.org/t/**********/conda-forge/osx-arm64/libbladerf2-2024.05-h5505292_2.conda#ae0fe6a5970e1adf583d3587a218d438
https://conda.anaconda.org/t/**********/conda-forge/osx-arm64/libbrotlidec-1.2.0-hc919400_1.conda#079e88933963f3f149054eec2c487bc2
https://conda.anaconda.org/t/**********/conda-forge/osx-arm64/libbrotlienc-1.2.0-hc919400_1.conda#b2b7c8288ca1a2d71ff97a8e6a1e8883
https://conda.anaconda.org/t/**********/conda-forge/osx-arm64/libedit-3.1.20250104-pl5321hafb1f1b_0.conda#44083d2d2c2025afca315c7a172eab2b
https://conda.anaconda.org/t/**********/conda-forge/osx-arm64/libflac-1.5.0-h6824b09_1.conda#b14b19359aed60c200b1ca58b53f5ca3
https://conda.anaconda.org/t/**********/conda-forge/osx-arm64/libhackrf0-2026.01.3-h84a0fba_0.conda#096de64befac240c228ec647db673b29
https://conda.anaconda.org/t/**********/conda-forge/osx-arm64/libhamlib4-4.7.0-hf6b4638_1.conda#f7d44a1af6ffa63ca99f9818e38401a7
https://conda.anaconda.org/t/**********/conda-forge/osx-arm64/libintl-0.25.1-h493aca8_0.conda#5103f6a6b210a3912faf8d7db516918c
https://conda.anaconda.org/t/**********/conda-forge/osx-arm64/liblimesuite-23.11.0-hf6b4638_4.conda#fde9432d5cbce213a230201c856f71d4
https://conda.anaconda.org/t/**********/conda-forge/osx-arm64/libmirisdr4-2.0.0-h5505292_1.conda#d6ed330169e9cc840df9fb44dcd3853f
https://conda.anaconda.org/t/**********/conda-forge/osx-arm64/libpng-1.6.55-h132b30e_0.conda#871dc88b0192ac49b6a5509932c31377
https://conda.anaconda.org/t/**********/conda-forge/osx-arm64/librtaudio6-5.2.0-hebf3989_3.conda#9c5887b8a07f189f56b539020e5f77e6
https://conda.anaconda.org/t/**********/conda-forge/osx-arm64/libsqlite-3.52.0-h1ae2325_0.conda#f6233a3fddc35a2ec9f617f79d6f3d71
https://conda.anaconda.org/t/**********/conda-forge/osx-arm64/libvorbis-1.3.7-h81086ad_2.conda#719e7653178a09f5ca0aa05f349b41f7
https://conda.anaconda.org/t/**********/conda-forge/osx-arm64/libvulkan-loader-1.4.341.0-h3feff0a_0.conda#6b4c9a5b130759136a0dde0c373cb0ea
https://conda.anaconda.org/t/**********/conda-forge/osx-arm64/libxcb-1.17.0-hdb1d25a_0.conda#af523aae2eca6dfa1c8eec693f5b9a79
https://conda.anaconda.org/t/**********/conda-forge/osx-arm64/libxml2-16-2.15.2-h5ef1a60_0.conda#b284e2b02d53ef7981613839fb86beee
https://conda.anaconda.org/t/**********/conda-forge/osx-arm64/mpg123-1.32.9-hf642e45_0.conda#d2b4857bdc3b76c36e23236172d09840
https://conda.anaconda.org/t/**********/conda-forge/osx-arm64/nspr-4.38-heaf21c2_0.conda#0b528ead848386c8a53ee0b76fbf2ac1
https://conda.anaconda.org/t/**********/conda-forge/osx-arm64/openssl-3.6.1-hd24854e_1.conda#f4f6ad63f98f64191c3e77c5f5f29d76
https://conda.anaconda.org/t/**********/conda-forge/osx-arm64/pcre2-10.47-h30297fc_0.conda#9b4190c4055435ca3502070186eba53a
https://conda.anaconda.org/t/**********/conda-forge/osx-arm64/pixman-0.46.4-h81086ad_1.conda#17c3d745db6ea72ae2fce17e7338547f
https://conda.anaconda.org/t/**********/conda-forge/osx-arm64/portaudio-19.7.0-h5833ebf_0.conda#fb72bb70cfea298990d5e1a12317047c
https://conda.anaconda.org/t/**********/conda-forge/osx-arm64/pugixml-1.15-hd3d436d_0.conda#b9a4004e46de7aeb005304a13b35cb94
https://conda.anaconda.org/t/**********/conda-forge/osx-arm64/qhull-2020.2-h420ef59_5.conda#6483b1f59526e05d7d894e466b5b6924
https://conda.anaconda.org/t/**********/conda-forge/osx-arm64/readline-8.3-h46df422_0.conda#f8381319127120ce51e081dce4865cf4
https://conda.anaconda.org/t/**********/conda-forge/osx-arm64/rtl-sdr-2.0.2-h5505292_3.conda#121de75923e2e2dc71eb483ed8e16c77
https://conda.anaconda.org/t/**********/conda-forge/osx-arm64/tk-8.6.13-h010d191_3.conda#a9d86bc62f39b94c4661716624eb21b0
https://conda.anaconda.org/t/**********/conda-forge/osx-arm64/volk-gnss-sdr-0.0.20-h1c4f19d_5.conda#d38f53a31b1226c8ea78c94b3d65e783
https://conda.anaconda.org/t/**********/conda-forge/osx-arm64/zlib-1.3.1-h8359307_2.conda#e3170d898ca6cb48f1bb567afb92f775
https://conda.anaconda.org/t/**********/conda-forge/osx-arm64/zlib-ng-2.3.3-hed4e4f5_1.conda#d99c2a23a31b0172e90f456f580b695e
https://conda.anaconda.org/t/**********/conda-forge/osx-arm64/zstd-1.5.7-hbf9d68e_6.conda#ab136e4c34e97f34fb621d2592a393d8
https://conda.anaconda.org/t/**********/conda-forge/osx-arm64/airspy-1.0.10-h5505292_1.conda#b37e460f1651501cb2c989219a91ad1e
https://conda.anaconda.org/t/**********/conda-forge/osx-arm64/airspyhf-1.6.8-h5505292_1.conda#7276de86168c6d18a23469c66ad80fea
https://conda.anaconda.org/t/**********/conda-forge/osx-arm64/brotli-bin-1.2.0-hc919400_1.conda#377d015c103ad7f3371be1777f8b584c
https://conda.anaconda.org/t/**********/conda-forge/osx-arm64/hamlib-tcl-4.7.0-ha56d506_1.conda#d09667f78250a46bc3523951985b9a87
https://conda.anaconda.org/t/**********/conda-forge/osx-arm64/krb5-1.21.3-h237132a_0.conda#c6dc8a0fdec13a0565936655c33069a1
https://conda.anaconda.org/t/**********/conda-forge/osx-arm64/libboost-1.88.0-h0419b56_7.conda#34e8ce0732bb254bd17f0b9ecea788c2
https://conda.anaconda.org/t/**********/conda-forge/osx-arm64/libevent-2.1.12-h2757513_1.conda#1a109764bff3bdc7bdd84088347d71dc
https://conda.anaconda.org/t/**********/conda-forge/osx-arm64/libfreetype6-2.14.2-hdfa99f5_0.conda#e726e134a392ae5d7bafa6cc4a3d5725
https://conda.anaconda.org/t/**********/conda-forge/osx-arm64/libgcc-15.2.0-hcbb3090_18.conda#92df6107310b1fff92c4cc84f0de247b
https://conda.anaconda.org/t/**********/conda-forge/osx-arm64/libglib-2.86.4-he378b5c_1.conda#673069f6725ed7b1073f9b96094294d1
https://conda.anaconda.org/t/**********/conda-forge/osx-arm64/libintl-devel-0.25.1-h493aca8_0.conda#5f9888e1cdbbbef52c8cf8b567393535
https://conda.anaconda.org/t/**********/conda-forge/osx-arm64/libnghttp2-1.67.0-hc438710_0.conda#a4b4dd73c67df470d091312ab87bf6ae
https://conda.anaconda.org/t/**********/conda-forge/osx-arm64/libprotobuf-6.31.1-h98f38fd_4.conda#8a6b4281c176f1695ae0015f420e6aa9
https://conda.anaconda.org/t/**********/conda-forge/osx-arm64/libsndfile-1.2.2-hf95f74e_2.conda#27e1a5a9249833f98a739249c7d1518b
https://conda.anaconda.org/t/**********/conda-forge/osx-arm64/libssh2-1.11.1-h1590b86_0.conda#b68e8f66b94b44aaa8de4583d3d4cc40
https://conda.anaconda.org/t/**********/conda-forge/osx-arm64/libtiff-4.7.1-h4030677_1.conda#e2a72ab2fa54ecb6abab2b26cde93500
https://conda.anaconda.org/t/**********/conda-forge/osx-arm64/libxml2-2.15.2-h8d039ee_0.conda#e476ba84e57f2bd2004a27381812ad4e
https://conda.anaconda.org/t/**********/conda-forge/osx-arm64/lua-5.5.0-hb33a6db_0.conda#226d0431e98a14122c2e05d0136070ee
https://conda.anaconda.org/t/**********/conda-forge/osx-arm64/mirisdr-2.0.0-h5505292_1.conda#340ef6579d0b833a24720dac5c6ac5fd
https://conda.anaconda.org/t/**********/conda-forge/osx-arm64/nss-3.118-h1c710a3_0.conda#ae07409126ced4f0d982dfeab0681016
https://conda.anaconda.org/t/**********/conda-forge/osx-arm64/python-3.13.12-h20e6be0_100_cp313.conda#179c0f5ae4f22bc3be567298ed0b17b9
https://conda.anaconda.org/t/**********/conda-forge/osx-arm64/spdlog-1.17.0-ha0f8610_1.conda#1885f7cface8cd627774407eeacb2caf
https://conda.anaconda.org/t/**********/conda-forge/osx-arm64/volk-3.3.0-h20f0c5a_1.conda#e408698a92bf2f7ac43f4438e6959c62
https://conda.anaconda.org/t/**********/conda-forge/noarch/appdirs-1.4.4-pyhd8ed1ab_1.conda#f4e90937bbfc3a4a92539545a37bb448
https://conda.anaconda.org/t/**********/conda-forge/noarch/asttokens-3.0.1-pyhd8ed1ab_0.conda#9673a61a297b00016442e022d689faa6
https://conda.anaconda.org/t/**********/conda-forge/osx-arm64/atk-1.0-2.38.0-hd03087b_2.conda#57301986d02d30d6805fdce6c99074ee
https://conda.anaconda.org/t/**********/conda-forge/noarch/attrs-25.4.0-pyhcf101f3_1.conda#537296d57ea995666c68c821b00e360b
https://conda.anaconda.org/t/**********/conda-forge/osx-arm64/backports.zstd-1.3.0-py313h48bb75e_0.conda#54008c5cc8928e5cb5a0f9206b829451
https://conda.anaconda.org/t/**********/conda-forge/osx-arm64/bcrypt-5.0.0-py313h2c089d5_1.conda#4b14cba28eaf98170c2ddd7e900efa07
https://conda.anaconda.org/t/**********/conda-forge/noarch/bidict-0.23.1-pyhd8ed1ab_1.conda#a6d521e8054c6b38aea1095060bd7e14
https://conda.anaconda.org/t/**********/conda-forge/noarch/blinker-1.9.0-pyhff2d567_0.conda#42834439227a4551b939beeeb8a4b085
https://conda.anaconda.org/t/**********/conda-forge/osx-arm64/brotli-1.2.0-h7d5ae5b_1.conda#48ece20aa479be6ac9a284772827d00c
https://conda.anaconda.org/t/**********/conda-forge/osx-arm64/brotli-python-1.2.0-py313hde1f3bb_1.conda#b03732afa9f4f54634d94eb920dfb308
https://conda.anaconda.org/t/**********/conda-forge/noarch/cached_property-1.5.2-pyha770c72_1.tar.bz2#576d629e47797577ab0f1b351297ef4a
https://conda.anaconda.org/t/**********/conda-forge/noarch/certifi-2026.2.25-pyhd8ed1ab_0.conda#765c4d97e877cdbbb88ff33152b86125
https://conda.anaconda.org/t/**********/conda-forge/noarch/charset-normalizer-3.4.6-pyhd8ed1ab_0.conda#49ee13eb9b8f44d63879c69b8a40a74b
https://conda.anaconda.org/t/**********/conda-forge/noarch/click-8.3.1-pyh8f84b5b_1.conda#ea8a6c3256897cc31263de9f455e25d9
https://conda.anaconda.org/t/**********/conda-forge/noarch/colorama-0.4.6-pyhd8ed1ab_1.conda#962b9857ee8e7018c22f2776ffa0b2d7
https://conda.anaconda.org/t/**********/conda-forge/noarch/construct-2.10.70-pyhd8ed1ab_0.conda#58e88566bfbbf9d3ffbeda3290e7f4f0
https://conda.anaconda.org/t/**********/conda-forge/noarch/cpython-3.13.12-py313hd8ed1ab_100.conda#9a4b8a37303b933b847c14a310f0557b
https://conda.anaconda.org/t/**********/conda-forge/noarch/cycler-0.12.1-pyhcf101f3_2.conda#4c2a8fef270f6c69591889b93f9f55c1
https://conda.anaconda.org/t/**********/conda-forge/osx-arm64/cyrus-sasl-2.1.28-ha1cbb27_0.conda#2867ea6551e97e53a81787fd967162b1
https://conda.anaconda.org/t/**********/conda-forge/osx-arm64/dbus-1.16.2-h3ff7a7c_1.conda#5a3506971d2d53023c1c4450e908a8da
https://conda.anaconda.org/t/**********/conda-forge/noarch/decorator-5.2.1-pyhd8ed1ab_0.conda#9ce473d1d1be1cc3810856a48b3fab32
https://conda.anaconda.org/t/**********/conda-forge/noarch/docutils-0.22.4-pyhd8ed1ab_0.conda#d6bd3cd217e62bbd7efe67ff224cd667
https://conda.anaconda.org/t/**********/conda-forge/osx-arm64/ephem-4.2.1-py313h0997733_0.conda#01b30b2f18b7918795cce9612a18310d
https://conda.anaconda.org/t/**********/conda-forge/noarch/executing-2.2.1-pyhd8ed1ab_0.conda#ff9efb7f7469aed3c4a8106ffa29593c
https://conda.anaconda.org/t/**********/conda-forge/noarch/future-1.0.0-pyhd8ed1ab_2.conda#1054c53c95d85e35b88143a3eda66373
https://conda.anaconda.org/t/**********/conda-forge/osx-arm64/gdk-pixbuf-2.44.5-h4e57454_1.conda#444c1d08dc4c0303ae08fa7cd14497a4
https://conda.anaconda.org/t/**********/conda-forge/osx-arm64/glib-tools-2.86.4-h60c1bae_1.conda#2e1684508bcd4b343b34c27731fa5bbe
https://conda.anaconda.org/t/**********/conda-forge/osx-arm64/greenlet-3.3.2-py313h1188861_0.conda#a5478ab23d671342d57f4ad20a09876e
https://conda.anaconda.org/t/**********/conda-forge/osx-arm64/hamlib-4.7.0-h9437251_1.conda#679f4956e156aeb36abfee407bb5be50
https://conda.anaconda.org/t/**********/conda-forge/osx-arm64/hamlib-lua-4.7.0-lua55h84a0fba_1.conda#55213c640d0b23541945203aec41f091
https://conda.anaconda.org/t/**********/conda-forge/osx-arm64/hamlib-python-4.7.0-py313h0997733_1.conda#7521b291fa41683dbb3f7edd7b4ed3d5
https://conda.anaconda.org/t/**********/conda-forge/noarch/hpack-4.1.0-pyhd8ed1ab_0.conda#0a802cb9888dd14eeefc611f05c40b6e
https://conda.anaconda.org/t/**********/conda-forge/noarch/hyperframe-6.1.0-pyhd8ed1ab_0.conda#8e6923fc12f1fe8f8c4e5c9f343256ac
https://conda.anaconda.org/t/**********/conda-forge/noarch/idna-3.11-pyhd8ed1ab_0.conda#53abe63df7e10a6ba605dc5f9f961d36
https://conda.anaconda.org/t/**********/conda-forge/noarch/invoke-2.2.1-pyhd8ed1ab_0.conda#3a804714ed59be1969ffca10f703ec2a
https://conda.anaconda.org/t/**********/conda-forge/noarch/itsdangerous-2.2.0-pyhd8ed1ab_1.conda#7ac5f795c15f288984e32add616cdc59
https://conda.anaconda.org/t/**********/conda-forge/osx-arm64/kiwisolver-1.5.0-py313h2af2deb_0.conda#bd1e04d017f340e42431706402db8b02
https://conda.anaconda.org/t/**********/conda-forge/osx-arm64/lcms2-2.18-hdfa7624_0.conda#6631a7bd2335bb9699b1dbc234b19784
https://conda.anaconda.org/t/**********/conda-forge/osx-arm64/libcurl-8.18.0-he38603e_0.conda#36190179a799f3aee3c2d20a8a2b970d
https://conda.anaconda.org/t/**********/conda-forge/osx-arm64/libfreetype-2.14.2-hce30654_0.conda#a3a53232936b55ffea76806aefe19e8b
https://conda.anaconda.org/t/**********/conda-forge/osx-arm64/libgfortran5-15.2.0-hdae7583_18.conda#c4a6f7989cffb0544bfd9207b6789971
https://conda.anaconda.org/t/**********/conda-forge/osx-arm64/libiio-c-0.26-h3cf0979_2.conda#ea3831524eddc8c9119599c458030b7a
https://conda.anaconda.org/t/**********/conda-forge/osx-arm64/libllvm18-18.1.8-default_h8e162e0_12.conda#07fa1c8d37db7e95117220979f1f4ba3
https://conda.anaconda.org/t/**********/conda-forge/osx-arm64/libllvm22-22.1.1-h89af1be_0.conda#ead237a59f2abca6861c134a589c9e83
https://conda.anaconda.org/t/**********/conda-forge/osx-arm64/libthrift-0.22.0-h14a376c_1.conda#3161023bb2f8c152e4c9aa59bdd40975
https://conda.anaconda.org/t/**********/conda-forge/osx-arm64/libxslt-1.1.43-hb2570ba_1.conda#90f7ed12bb3c164c758131b3d3c2ab0c
https://conda.anaconda.org/t/**********/conda-forge/osx-arm64/m17-cxx-demod-2.3.3-he7ec6a4_6.conda#e472a81241c4cce4e3e5c36bf0b1465d
https://conda.anaconda.org/t/**********/conda-forge/osx-arm64/markupsafe-3.0.3-py313h65a2061_1.conda#0195d558b0c0ab8f4af3089af83067c5
https://conda.anaconda.org/t/**********/conda-forge/noarch/munkres-1.1.4-pyhd8ed1ab_1.conda#37293a85a0f4f77bbd9cf7aaefc62609
https://conda.anaconda.org/t/**********/conda-forge/osx-arm64/openjpeg-2.5.4-hd9e9057_0.conda#4b5d3a91320976eec71678fad1e3569b
https://conda.anaconda.org/t/**********/conda-forge/noarch/packaging-26.0-pyhcf101f3_0.conda#b76541e68fea4d511b1ac46a28dcd2c6
https://conda.anaconda.org/t/**********/conda-forge/noarch/parso-0.8.6-pyhcf101f3_0.conda#97c1ce2fffa1209e7afb432810ec6e12
https://conda.anaconda.org/t/**********/conda-forge/noarch/pip-26.0.1-pyh145f28c_0.conda#09a970fbf75e8ed1aa633827ded6aa4f
https://conda.anaconda.org/t/**********/conda-forge/noarch/ply-3.11-pyhd8ed1ab_3.conda#fd5062942bfa1b0bd5e0d2a4397b099e
https://conda.anaconda.org/t/**********/conda-forge/noarch/ptyprocess-0.7.0-pyhd8ed1ab_1.conda#7d9daffbb8d8e0af0f769dbbcd173a54
https://conda.anaconda.org/t/**********/conda-forge/noarch/pure_eval-0.2.3-pyhd8ed1ab_1.conda#3bfdfb8dbcdc4af1ae3f9a8eb3948f04
https://conda.anaconda.org/t/**********/conda-forge/noarch/pycparser-2.22-pyh29332c3_1.conda#12c566707c80111f9799308d9e265aef
https://conda.anaconda.org/t/**********/conda-forge/noarch/pyfiglet-1.0.4-pyhe01879c_0.conda#bb0236e59b0e01826d8774101ea124e5
https://conda.anaconda.org/t/**********/conda-forge/noarch/pygments-2.19.2-pyhd8ed1ab_0.conda#6b6ece66ebcae2d5f326c77ef2c5a066
https://conda.anaconda.org/t/**********/conda-forge/noarch/pyopengl-3.1.10-pyh534df25_2.conda#dae7cd715f93d0e2f12af26dd3777328
https://conda.anaconda.org/t/**********/conda-forge/noarch/pyparsing-3.3.2-pyhcf101f3_0.conda#3687cc0b82a8b4c17e1f0eb7e47163d5
https://conda.anaconda.org/t/**********/conda-forge/noarch/pysocks-1.7.1-pyha55dd90_7.conda#461219d1a5bd61342293efa2c0c90eac
https://conda.anaconda.org/t/**********/conda-forge/noarch/pywin32-on-windows-0.1.0-pyh1179c8e_3.tar.bz2#2807a0becd1d986fe1ef9b7f8135f215
https://conda.anaconda.org/t/**********/conda-forge/osx-arm64/pyyaml-6.0.3-py313h65a2061_1.conda#5d0c8b92128c93027632ca8f8dc1190f
https://conda.anaconda.org/t/**********/conda-forge/osx-arm64/rpds-py-0.30.0-py313h2c089d5_0.conda#190c2d0d4e98ec97df48cdb74caf44d8
https://conda.anaconda.org/t/**********/conda-forge/osx-arm64/ruamel.yaml.clib-0.2.15-py313h6688731_1.conda#ccc49acbc9df82571383070bc4591c45
https://conda.anaconda.org/t/**********/conda-forge/noarch/setuptools-82.0.1-pyh332efcf_0.conda#8e194e7b992f99a5015edbd4ebd38efd
https://conda.anaconda.org/t/**********/conda-forge/noarch/six-1.17.0-pyhe01879c_1.conda#3339e3b65d58accf4ca4fb8748ab16b3
https://conda.anaconda.org/t/**********/conda-forge/osx-arm64/soapysdr-0.8.1-py313h5563598_6.conda#f280942e5353cfe8e6fc0c9da7776d5c
https://conda.anaconda.org/t/**********/conda-forge/noarch/toml-0.10.2-pyhcf101f3_3.conda#d0fc809fa4c4d85e959ce4ab6e1de800
https://conda.anaconda.org/t/**********/conda-forge/noarch/tomli-2.4.0-pyhcf101f3_0.conda#72e780e9aa2d0a3295f59b1874e3768b
https://conda.anaconda.org/t/**********/conda-forge/osx-arm64/tornado-6.5.4-py313h6535dbc_0.conda#67a85c1b5c17124eaf9194206afd5159
https://conda.anaconda.org/t/**********/conda-forge/noarch/traitlets-5.14.3-pyhd8ed1ab_1.conda#019a7385be9af33791c989871317e1ed
https://conda.anaconda.org/t/**********/conda-forge/noarch/typing_extensions-4.15.0-pyhcf101f3_0.conda#0caa1af407ecff61170c9437a808404d
https://conda.anaconda.org/t/**********/conda-forge/noarch/wcwidth-0.6.0-pyhd8ed1ab_0.conda#c3197f8c0d5b955c904616b716aca093
https://conda.anaconda.org/t/**********/conda-forge/noarch/websocket-client-1.9.0-pyhd8ed1ab_0.conda#2f1ed718fcd829c184a6d4f0f2e07409
https://conda.anaconda.org/t/**********/conda-forge/osx-arm64/zeromq-4.3.5-h888dc83_9.conda#26f39dfe38a2a65437c29d69906a0f68
https://conda.anaconda.org/t/**********/conda-forge/noarch/zipp-3.23.0-pyhcf101f3_1.conda#30cd29cb87d819caead4d55184c1d115
https://conda.anaconda.org/t/**********/conda-forge/noarch/zope.event-6.1-pyhcf101f3_0.conda#8c19c603d6fc9f6c7aea98fd8c068ed9
https://conda.anaconda.org/t/**********/conda-forge/osx-arm64/zope.interface-8.0.1-py313h6688731_1.conda#ab263efc8f2e46b49679f78dd5a494c1
https://conda.anaconda.org/t/**********/conda-forge/noarch/cached-property-1.5.2-hd8ed1ab_1.tar.bz2#9b347a7ec10940d3f7941ff6c460b551
https://conda.anaconda.org/t/**********/conda-forge/osx-arm64/cffi-2.0.0-py313h224173a_1.conda#050374657d1c7a4f2ea443c0d0cbd9a0
https://conda.anaconda.org/t/**********/conda-forge/osx-arm64/fontconfig-2.17.1-h2b252f5_0.conda#d06ae1a11b46cc4c74177ecd28de7c7a
https://conda.anaconda.org/t/**********/conda-forge/osx-arm64/fonttools-4.62.0-py313h65a2061_0.conda#9cf239e851a9b0089a92296fc339b1e2
https://conda.anaconda.org/t/**********/conda-forge/osx-arm64/freetype-2.14.2-hce30654_0.conda#ca730d8e7d1de1f71013edfef0e08f13
https://conda.anaconda.org/t/**********/conda-forge/noarch/fs-2.4.16-pyhd8ed1ab_0.conda#a231fa7cb5f101f1f3ae8480c0002f91
https://conda.anaconda.org/t/**********/conda-forge/osx-arm64/glib-2.86.4-h903c028_1.conda#26ad61ca4d6a0d0a7f85185c61a6982f
https://conda.anaconda.org/t/**********/conda-forge/noarch/h11-0.16.0-pyhcf101f3_1.conda#b8993c19b0c32a2f7b66cbb58ca27069
https://conda.anaconda.org/t/**********/conda-forge/noarch/h2-4.3.0-pyhcf101f3_0.conda#164fc43f0b53b6e3a7bc7dce5e4f1dc9
https://conda.anaconda.org/t/**********/conda-forge/noarch/hamlib-all-4.7.0-osx_1.conda#feb3147bca00b773d1a78380be54da11
https://conda.anaconda.org/t/**********/conda-forge/noarch/importlib-metadata-8.7.0-pyhe01879c_1.conda#63ccfdc3a3ce25b027b8767eb722fca8
https://conda.anaconda.org/t/**********/conda-forge/noarch/ipython_pygments_lexers-1.1.1-pyhd8ed1ab_0.conda#bd80ba060603cc228d9d81c257093119
https://conda.anaconda.org/t/**********/conda-forge/noarch/jedi-0.19.2-pyhd8ed1ab_1.conda#a4f4c5dc9b80bc50e0d3dc4e6e8f1bd9
https://conda.anaconda.org/t/**********/conda-forge/noarch/jinja2-3.1.6-pyhcf101f3_1.conda#04558c96691bed63104678757beb4f8d
https://conda.anaconda.org/t/**********/conda-forge/osx-arm64/libad9361-iio-c-0.3-hf663b7a_1.conda#4ca2cdea6e7b39708a807df77576b4b8
https://conda.anaconda.org/t/**********/conda-forge/osx-arm64/libclang-cpp18.1-18.1.8-default_hf3020a7_18.conda#4c5aaaf2f27ea600c899f64b01c9f1b0
https://conda.anaconda.org/t/**********/conda-forge/osx-arm64/libclang13-22.1.0-default_h13b06bd_0.conda#64ecee538edc16caf5717f3c2d6d8545
https://conda.anaconda.org/t/**********/conda-forge/osx-arm64/libgfortran-15.2.0-h07b0088_18.conda#26981599908ed2205366e8fc91b37fc6
https://conda.anaconda.org/t/**********/conda-forge/osx-arm64/libm2k-0.9.0-py313h4e0e3ad_2.conda#d3d1260f00b12a5a476039723a4e4178
https://conda.anaconda.org/t/**********/conda-forge/osx-arm64/lxml-6.0.2-py313he6cafaa_2.conda#fbeb15565dc7202f9dce40783d0b270d
https://conda.anaconda.org/t/**********/conda-forge/noarch/matplotlib-inline-0.2.1-pyhd8ed1ab_0.conda#00e120ce3e40bad7bfc78861ce3c4a25
https://conda.anaconda.org/t/**********/conda-forge/osx-arm64/openldap-2.6.10-hbe55e7a_0.conda#6fd5d73c63b5d37d9196efb4f044af76
https://conda.anaconda.org/t/**********/conda-forge/noarch/pexpect-4.9.0-pyhd8ed1ab_1.conda#d0d408b1f18883a944376da5cf8101ea
https://conda.anaconda.org/t/**********/conda-forge/osx-arm64/pillow-12.1.1-py313h45e5a15_0.conda#a261959853e116b05a6c59e5944bf689
https://conda.anaconda.org/t/**********/conda-forge/noarch/prompt-toolkit-3.0.52-pyha770c72_0.conda#edb16f14d920fb3faf17f5ce582942d6
https://conda.anaconda.org/t/**********/conda-forge/noarch/pylibiio-0.26-py_2.conda#70784e50c99b403efafca1c4ce53903f
https://conda.anaconda.org/t/**********/conda-forge/noarch/python-dateutil-2.9.0.post0-pyhe01879c_2.conda#5b8d21249ff20967101ffa321cab24e8
https://conda.anaconda.org/t/**********/conda-forge/noarch/python-gil-3.13.12-h4df99d1_100.conda#3d92938d5b83c49162ade038aab58a59
https://conda.anaconda.org/t/**********/conda-forge/noarch/qtpy-2.4.3-pyhd8ed1ab_1.conda#b49c000df5aca26d36b3f078ba85e03a
https://conda.anaconda.org/t/**********/conda-forge/noarch/referencing-0.37.0-pyhcf101f3_0.conda#870293df500ca7e18bedefa5838a22ab
https://conda.anaconda.org/t/**********/conda-forge/osx-arm64/ruamel.yaml-0.18.17-py313h6688731_2.conda#f64a76d1eed1cab9abd889182fb532ab
https://conda.anaconda.org/t/**********/conda-forge/osx-arm64/sdl3-3.4.2-h6fa9c73_0.conda#5e999442b4391dcd702f6026ac1a23f2
https://conda.anaconda.org/t/**********/conda-forge/osx-arm64/sip-6.15.2-py313h6deaedc_0.conda#6219e0355c4a315e63df229a62661cab
https://conda.anaconda.org/t/**********/conda-forge/osx-arm64/soapysdr-module-airspy-0.2.0-h4306ade_0.tar.bz2#718454fcd0364ede5ea5f4711601830d
https://conda.anaconda.org/t/**********/conda-forge/osx-arm64/soapysdr-module-airspyhf-0.2.0-h4306ade_0.tar.bz2#58e9064bfe34a66c96ba5b7ffc11fd3a
https://conda.anaconda.org/t/**********/conda-forge/osx-arm64/soapysdr-module-audio-0.1.1-hdc5eb89_2.conda#f276b9624826c67de66d74a62ce58539
https://conda.anaconda.org/t/**********/conda-forge/osx-arm64/soapysdr-module-bladerf-0.4.2-hbf63b90_0.conda#ef096087148394b448bd83135fa9b835
https://conda.anaconda.org/t/**********/conda-forge/osx-arm64/soapysdr-module-hackrf-0.3.4-h4306ade_0.tar.bz2#3452da20c05a4f67925983d8e4afcb2e
https://conda.anaconda.org/t/**********/conda-forge/osx-arm64/soapysdr-module-lms7-23.11.0-h66d04d5_4.conda#60b12c06e7c79233b7c253a298448b58
https://conda.anaconda.org/t/**********/conda-forge/osx-arm64/soapysdr-module-netsdr-0.2.0-h370950c_1.conda#236f57bc34705e71588faadea184b05b
https://conda.anaconda.org/t/**********/conda-forge/osx-arm64/soapysdr-module-redpitaya-0.1.1-h370950c_0.conda#782a3bff21bb0f18255ccb3f841ebdec
https://conda.anaconda.org/t/**********/conda-forge/osx-arm64/soapysdr-module-remote-0.5.2-h4306ade_2.tar.bz2#2a80ff3672c59b7e15f87c206a1923c2
https://conda.anaconda.org/t/**********/conda-forge/osx-arm64/soapysdr-module-rtlsdr-0.3.3-hdb668b8_3.conda#f680b3184c3c6d7cd7fb8c82b8e8e4a3
https://conda.anaconda.org/t/**********/conda-forge/osx-arm64/soapysdr-module-volk-converters-0.1.1-h597a3c1_4.conda#a535bf37631fbd1ef3bf061a21624827
https://conda.anaconda.org/t/**********/conda-forge/noarch/stack_data-0.6.3-pyhd8ed1ab_1.conda#b1b505328da7a6b246787df4b5a49fbc
https://conda.anaconda.org/t/**********/conda-forge/osx-arm64/watchdog-6.0.0-py313h6688731_3.conda#90e28468c1fb2ade60be2535cbe25e5d
https://conda.anaconda.org/t/**********/conda-forge/noarch/werkzeug-3.1.6-pyhcf101f3_0.conda#2d9bfc6055e55ff58b2c359323a753d2
https://conda.anaconda.org/t/**********/conda-forge/osx-arm64/wxwidgets-3.3.2-h34c1157_0.conda#c121bbab841221ed1b228a3a58e38c57
https://conda.anaconda.org/t/**********/conda-forge/noarch/_python_abi3_support-1.0-hd8ed1ab_2.conda#aaa2a381ccc56eac91d63b6c1240312f
https://conda.anaconda.org/t/**********/conda-forge/noarch/asciimatics-1.15.0-pyhd8ed1ab_1.conda#1e4474adec5bda131d146a587dcf5c79
https://conda.anaconda.org/t/**********/conda-forge/osx-arm64/cairo-1.18.4-he0f2337_1.conda#36200ecfbbfbcb82063c87725434161f
https://conda.anaconda.org/t/**********/conda-forge/osx-arm64/cryptography-46.0.5-py313he3f6fad_0.conda#2cca7fe0caca845c02b37d8b465a18fa
https://conda.anaconda.org/t/**********/conda-forge/osx-arm64/fftw-3.3.10-nompi_haf1500d_112.conda#0879b3d39932eb34940e0b85a01e5b50
https://conda.anaconda.org/t/**********/conda-forge/noarch/flask-3.1.3-pyhcf101f3_1.conda#156398929bf849da6df8f89a2c390185
https://conda.anaconda.org/t/**********/conda-forge/osx-arm64/gevent-25.9.1-py313h9beaeae_1.conda#47e69470cf1dc26e6c9b9bcb6d2e050c
https://conda.anaconda.org/t/**********/conda-forge/osx-arm64/gstreamer-1.26.10-h30d696d_0.conda#9f2f36d5dc016272f358bc564198fec8
https://conda.anaconda.org/t/**********/conda-forge/osx-arm64/hdf5-1.14.6-nompi_had3affe_106.conda#2d1270d283403c542680e969bea70355
https://conda.anaconda.org/t/**********/conda-forge/noarch/ipython-9.11.0-pyhecfbec7_0.conda#326c46b8ec2a1b4964927c7ea55ebf49
https://conda.anaconda.org/t/**********/conda-forge/noarch/jsonschema-specifications-2025.9.1-pyhcf101f3_0.conda#439cd0f567d697b20a8f45cb70a1005a
https://conda.anaconda.org/t/**********/conda-forge/noarch/libbladerf-python-2024.05-py_2.conda#1463dfd317f3603a9593cac153527c6e
https://conda.anaconda.org/t/**********/conda-forge/osx-arm64/libiio-0.26-h00f1824_2.conda#6216505af97e0d7df063e01363f7886a
https://conda.anaconda.org/t/**********/conda-forge/osx-arm64/libopenblas-0.3.30-openmp_ha158390_4.conda#a6f6d3a31bb29e48d37ce65de54e2df0
https://conda.anaconda.org/t/**********/conda-forge/osx-arm64/libpq-18.2-h6caddbb_0.conda#41ae8b0d426096e1d11bd83d8ca949f5
https://conda.anaconda.org/t/**********/conda-forge/osx-arm64/limesuite-23.11.0-h385bbb1_4.conda#b6ccc1d4f9656217bb1d61c898933bf9
https://conda.anaconda.org/t/**********/conda-forge/noarch/mako-1.3.10-pyhcf101f3_1.conda#99f74609a309e434f25f0ede5f50580c
https://conda.anaconda.org/t/**********/conda-forge/noarch/markdown-3.10.2-pyhcf101f3_0.conda#ba0a9221ce1063f31692c07370d062f3
https://conda.anaconda.org/t/**********/conda-forge/osx-arm64/pynacl-1.6.2-py313h0997733_0.conda#aebbc7211984510aa01b57e757355591
https://conda.anaconda.org/t/**********/conda-forge/osx-arm64/pyqt5-sip-12.17.0-py313h0e822ff_2.conda#9ac950c02255660354be8a21da5b1622
https://conda.anaconda.org/t/**********/conda-forge/noarch/qdarkstyle-3.2.3-pyhd8ed1ab_1.conda#b5d204064e9c816535282a94f30a40c9
https://conda.anaconda.org/t/**********/conda-forge/osx-arm64/sdl2-2.32.56-h248ca61_0.conda#092c5b693dc6adf5f409d12f33295a2a
https://conda.anaconda.org/t/**********/conda-forge/osx-arm64/soapysdr-module-plutosdr-0.2.2-h0fda6b5_1.conda#86f660e21f22af0e6518c8f4e313bcf2
https://conda.anaconda.org/t/**********/conda-forge/noarch/urllib3-2.6.3-pyhd8ed1ab_0.conda#9272daa869e03efe68833e3dc7a02130
https://conda.anaconda.org/t/**********/conda-forge/noarch/wsproto-1.3.2-pyhd8ed1ab_0.conda#37296f462da2870694aff84a01625ba5
https://conda.anaconda.org/t/**********/conda-forge/osx-arm64/bladerf-2024.05-h5505292_2.conda#c7d9d9751e0b1137243d43b163a14b5a
https://conda.anaconda.org/t/**********/conda-forge/noarch/gevent-websocket-0.10.1-py_0.tar.bz2#25b4b60b6ea50368cd90b75b4d00c711
https://conda.anaconda.org/t/**********/conda-forge/osx-arm64/hackrf-2026.01.3-hbb15c6b_0.conda#258ad848abe6e35132e3f219c8ba018b
https://conda.anaconda.org/t/**********/conda-forge/osx-arm64/harfbuzz-13.1.1-h3103d1b_0.conda#cfb229fdf2b19d1557c755cce8e183a8
https://conda.anaconda.org/t/**********/conda-forge/noarch/jsonschema-4.26.0-pyhcf101f3_0.conda#ada41c863af263cc4c5fcbaff7c3e4dc
https://conda.anaconda.org/t/**********/conda-forge/osx-arm64/libblas-3.11.0-5_h51639a9_openblas.conda#bcc025e2bbaf8a92982d20863fe1fb69
https://conda.anaconda.org/t/**********/conda-forge/osx-arm64/libgirepository-1.86.0-h8c9ecdb_0.conda#b79548958712256b7981981528377cdd
https://conda.anaconda.org/t/**********/conda-forge/osx-arm64/libliquid1-1.6.0-h3675af2_3.conda#d9909b5cb54eea36dda8a25db1da5eaa
https://conda.anaconda.org/t/**********/conda-forge/osx-arm64/libmatio-1.5.30-h8eade5c_0.conda#5bea68d5a5e10226b130f456921a1a57
https://conda.anaconda.org/t/**********/conda-forge/osx-arm64/libosmodsp0-0.5.0-h5d7887c_0.conda#3e0883a1841701bf23395da170234e13
https://conda.anaconda.org/t/**********/conda-forge/noarch/paramiko-4.0.0-pyhd8ed1ab_0.conda#1a884d2b1ea21abfb73911dcdb8342e4
https://conda.anaconda.org/t/**********/conda-forge/osx-arm64/pycairo-1.29.0-py313hff86d97_1.conda#5ad27d5563f5fe2c5953a6c4ad306c9b
https://conda.anaconda.org/t/**********/conda-forge/osx-arm64/pyzmq-27.1.0-py312h022ad19_2.conda#2f6b79700452ef1e91f45a99ab8ffe5a
https://conda.anaconda.org/t/**********/conda-forge/noarch/requests-2.32.5-pyhcf101f3_1.conda#c65df89a0b2e321045a9e01d1337b182
https://conda.anaconda.org/t/**********/conda-forge/osx-arm64/sdl-1.2.68-h994913f_1.conda#b66493d1d20151ed69b1fba5a3c3c23f
https://conda.anaconda.org/t/**********/conda-forge/noarch/simple-websocket-1.1.0-pyhd8ed1ab_0.conda#62e0b21f75a81735ddc72e6019d27c16
https://conda.anaconda.org/t/**********/conda-forge/osx-arm64/libcblas-3.11.0-5_hb0561ab_openblas.conda#efd8bd15ca56e9d01748a3beab8404eb
https://conda.anaconda.org/t/**********/conda-forge/osx-arm64/liblapack-3.11.0-5_hd9741b5_openblas.conda#ca9d752201b7fa1225bca036ee300f2b
https://conda.anaconda.org/t/**********/conda-forge/osx-arm64/liquid-dsp-1.6.0-h3675af2_3.conda#21b9c203221f811302448b89d31defd6
https://conda.anaconda.org/t/**********/conda-forge/osx-arm64/pango-1.56.4-h875632e_0.conda#7d57f8b4b7acfc75c777bc231f0d31be
https://conda.anaconda.org/t/**********/conda-forge/osx-arm64/pygobject-3.54.5-py313h5b566b3_3.conda#1dc41cad8423efb7e27e92ea314f9f85
https://conda.anaconda.org/t/**********/conda-forge/noarch/python-engineio-4.13.1-pyhcf101f3_0.conda#95730142a6a7ad1d429b719fd030a0c4
https://conda.anaconda.org/t/**********/conda-forge/osx-arm64/arpack-3.9.1-nompi_h1f29f7c_102.conda#7da333ca69131caf002baf360f5de7f9
https://conda.anaconda.org/t/**********/conda-forge/osx-arm64/gsl-2.7-h6e638da_0.tar.bz2#2a2126a940e033e7225a5dc7215eea9a
https://conda.anaconda.org/t/**********/conda-forge/osx-arm64/gst-plugins-base-1.26.10-hd17a83a_0.conda#da40bf8267461044b2df6e467695bdf7
https://conda.anaconda.org/t/**********/conda-forge/osx-arm64/gtk3-3.24.51-hc0f3e19_0.conda#003afe9be99dea1d3c9a09e68e61dfc7
https://conda.anaconda.org/t/**********/conda-forge/osx-arm64/librsvg-2.62.0-he8aa2a2_0.conda#211c6004730fffd97a4507e286ec148a
https://conda.anaconda.org/t/**********/conda-forge/osx-arm64/numpy-2.4.2-py313h16eae64_1.conda#e34e9c58a0ee3eca3def3bb477797621
https://conda.anaconda.org/t/**********/conda-forge/noarch/python-socketio-5.16.1-pyhcf101f3_0.conda#71a376ace77669b9d1e4411d35d4b30d
https://conda.anaconda.org/t/**********/conda-forge/osx-arm64/superlu-7.0.0-h742a510_1.conda#7aa007e27351cfafcbe89253dc003343
https://conda.anaconda.org/t/**********/conda-forge/noarch/adwaita-icon-theme-49.0-unix_0.conda#b3f0179590f3c0637b7eb5309898f79e
https://conda.anaconda.org/t/**********/conda-forge/osx-arm64/armadillo-15.2.3-h3b34ec3_0.conda#249d9b3f780feecd89fba06b91661fde
https://conda.anaconda.org/t/**********/conda-forge/osx-arm64/contourpy-1.3.3-py313h2af2deb_4.conda#afd3e394d14e627be0de6e8ee3553dae
https://conda.anaconda.org/t/**********/conda-forge/noarch/flask-socketio-5.6.1-pyhcf101f3_0.conda#9427c4ed28299ac3d8c76bca66c3fdd2
https://conda.anaconda.org/t/**********/conda-forge/osx-arm64/gnuradio-pmt-3.10.12.0-py313h7f74bbc_8.conda#ca531672babd7927444c0fa1d2de9784
https://conda.anaconda.org/t/**********/conda-forge/osx-arm64/h5py-3.15.1-nompi_py313h7aa1c8b_101.conda#af275e004ef52480fccdde18f4bdcd12
https://conda.anaconda.org/t/**********/conda-forge/osx-arm64/numexpr-2.14.1-py313h73ed539_1.conda#a323c1c03577617e96323f848127fb07
https://conda.anaconda.org/t/**********/conda-forge/osx-arm64/pandas-3.0.1-py313h6974306_0.conda#346e7db4e1eeed5d50df059013d1849a
https://conda.anaconda.org/t/**********/conda-forge/noarch/pyadi-iio-0.0.20-pyhd8ed1ab_0.conda#c9e938853aa508b7cf0655e63a2dea4b
https://conda.anaconda.org/t/**********/conda-forge/noarch/pyqtgraph-0.14.0-pyhd8ed1ab_0.conda#1a9d422262ef2e0928a90dde1da5b33a
https://conda.anaconda.org/t/**********/conda-forge/osx-arm64/qt-main-5.15.15-h4427410_7.conda#224ddb761f423f0513032388d178efae
https://conda.anaconda.org/t/**********/conda-forge/osx-arm64/scipy-1.17.1-py313hc753a45_0.conda#6f3a898962bdea87c076108bc336df2e
https://conda.anaconda.org/t/**********/conda-forge/osx-arm64/uhd-4.9.0.1-py313ha239a58_1.conda#a3966c0bfc752b32837006c37a2c494b
https://conda.anaconda.org/t/**********/conda-forge/osx-arm64/digital_rf-2.6.14-py313h6c15969_1.conda#8e051300968a4c26ed51faf9193cc06f
https://conda.anaconda.org/t/**********/conda-forge/osx-arm64/gnuradio-core-3.10.12.0-py313h0491f35_8.conda#14500a9c8273afa99b15c7ce463f1483
https://conda.anaconda.org/t/**********/conda-forge/osx-arm64/inspectrum-0.4.0-hec1c6bf_0.conda#de81db35495a27086fb495476541482f
https://conda.anaconda.org/t/**********/conda-forge/osx-arm64/matplotlib-base-3.10.8-py313h58042b9_0.conda#745c18472bc6d3dc9146c3dec18bb740
https://conda.anaconda.org/t/**********/conda-forge/osx-arm64/pyqt-5.15.11-py313h003178d_2.conda#8a016f16606ddb4a7e6efd7e643f171d
https://conda.anaconda.org/t/**********/conda-forge/osx-arm64/qwt-6.2.0-haa19703_6.conda#13b11e3119f88b5ace87318e8aee33e4
https://conda.anaconda.org/t/**********/conda-forge/osx-arm64/soapysdr-module-uhd-0.4.1-h90cc5a2_16.conda#fe5983088506e551913f1358ee6a842c
https://conda.anaconda.org/t/**********/ryanvolz/noarch/gnuradio-adsb-0.0.0.20250304.dev%2Bg9645757-unix_py_4.conda#09c96c48c8db3a21742ae1de499b62a8
https://conda.anaconda.org/t/**********/ryanvolz/osx-arm64/gnuradio-dect2-0.0.0.20250316.dev%2Bg0d973fe-np2py313h147f0f4_3.conda#cee2a0ef489294b0fef8f02d9a622c1c
https://conda.anaconda.org/t/**********/ryanvolz/osx-arm64/gnuradio-filerepeater-0.0.0.20250304.dev%2Bgec6b386-np2py313h2217bb1_5.conda#dce7de7ca0d95ce10ee94998f53800e5
https://conda.anaconda.org/t/**********/ryanvolz/osx-arm64/gnuradio-foo-0.0.0.20250304.dev%2Bg9e0e002-np2py313h7a551c0_5.conda#811742855937350305e950d6736e584b
https://conda.anaconda.org/t/**********/ryanvolz/osx-arm64/gnuradio-fosphor-0.0.0.20250304.dev%2Bg85a0b8f-np2py313h9ac34f0_5.conda#486a432de4029cf0d1da5de9d8dc36cb
https://conda.anaconda.org/t/**********/ryanvolz/noarch/gnuradio-gpredict-doppler-0.0.0.20250303.dev%2Bg9473cbf-unix_py_4.conda#fe104ca2dcd59d785168f5c9d4bf367f
https://conda.anaconda.org/t/**********/conda-forge/osx-arm64/gnuradio-grc-3.10.12.0-py313ha6dfd04_8.conda#3ae8a67d07b3a08bab7930d3e5da979b
https://conda.anaconda.org/t/**********/ryanvolz/osx-arm64/gnuradio-hermeslite2-1.0.0.0.post20250305%2Bg2e66561-np2py313h147f0f4_3.conda#48776cfff79b87dc83beffe6bb3b6770
https://conda.anaconda.org/t/**********/ryanvolz/osx-arm64/gnuradio-hpsdr-3.10.20250304.dev%2Bg7748cc9-np2py313h147f0f4_2.conda#3351ba3d708b57d331d38eacf479ca93
https://conda.anaconda.org/t/**********/conda-forge/osx-arm64/gnuradio-iio-3.10.12.0-py313hdb19c18_8.conda#bc0f88b59a89300ab092d29c5967f764
https://conda.anaconda.org/t/**********/conda-forge/osx-arm64/gnuradio-iqbalance-0.38.3-py313ha0c5c35_2.conda#e94ad368a8f7a8df28e263174f0d0f2b
https://conda.anaconda.org/t/**********/conda-forge/osx-arm64/gnuradio-iridium-1%211.0.0-py313ha512b5d_20.conda#904b8701fb1888f9729619eb05fce880
https://conda.anaconda.org/t/**********/ryanvolz/osx-arm64/gnuradio-isdbt-0.0.0.post20250130%2Bg56b2556-np2py313h147f0f4_3.conda#4b32a102f05999ad03dff6985a5daacf
https://conda.anaconda.org/t/**********/ryanvolz/osx-arm64/gnuradio-leo-1.0.0.post20250214%2Bg8f62b92-np2py313hd4c2954_5.conda#6cac0b988c33d5fc6e9ee01fed389204
https://conda.anaconda.org/t/**********/ryanvolz/osx-arm64/gnuradio-lora_sdr-0.0.0.20260105.dev%2Bg862746d-np2py313h3faa3e6_2.conda#a237a8434b3dd8597fef078d66c32204
https://conda.anaconda.org/t/**********/conda-forge/osx-arm64/gnuradio-m2k-1.0.0-py313h98d5174_16.conda#2234a73855c36d7539077ac4e362a9a8
https://conda.anaconda.org/t/**********/ryanvolz/osx-arm64/gnuradio-paint-0.0.0.20250824.dev%2Bgc443e36-np2py313h3faa3e6_2.conda#01e5946fff81721120c5b9ed23e3a0ad
https://conda.anaconda.org/t/**********/conda-forge/osx-arm64/gnuradio-qtgui-3.10.12.0-py313h63bb6e1_8.conda#9679751b1eb8a08047089e5d13ded4e3
https://conda.anaconda.org/t/**********/ryanvolz/osx-arm64/gnuradio-radar-0.0.0.20250220.dev%2Bg92adce2-np2py313h79c2fea_5.conda#fd7df5678b51df8fc3d0fb6c24a158c6
https://conda.anaconda.org/t/**********/ryanvolz/osx-arm64/gnuradio-rds-3.10.post20260104%2Bg58facb6-np2py313h147f0f4_2.conda#e820f1d2c585f6516f19aa1a68ddd710
https://conda.anaconda.org/t/**********/conda-forge/osx-arm64/gnuradio-soapy-3.10.12.0-py313h42f526c_8.conda#82d8beebf1c3868d2572d44dcb48ca40
https://conda.anaconda.org/t/**********/ryanvolz/osx-arm64/gnuradio-tempest-0.0.0.post20250210%2Bg9df8206-np2py313h3faa3e6_2.conda#714cbd55dff2b12574495fa75cd153f3
https://conda.anaconda.org/t/**********/conda-forge/osx-arm64/gnuradio-uhd-3.10.12.0-py313h4d4decb_8.conda#ef2fd85e41dddbe33ca2b576b08e0f86
https://conda.anaconda.org/t/**********/conda-forge/osx-arm64/gnuradio-video-sdl-3.10.12.0-py313h42b378f_8.conda#9050270fad24df48c151222679632d16
https://conda.anaconda.org/t/**********/conda-forge/osx-arm64/gnuradio-zeromq-3.10.12.0-py313h9369c99_8.conda#cbd000747a1644f1f8ccb612a5bcf403
https://conda.anaconda.org/t/**********/conda-forge/osx-arm64/matplotlib-3.10.8-py313h39782a4_0.conda#bae471007cbebf097a19e851c219d56a
https://conda.anaconda.org/t/**********/conda-forge/noarch/mplcursors-0.7-pyhd8ed1ab_0.conda#bbabdd6f10fa142fcce310f39e050438
https://conda.anaconda.org/t/**********/conda-forge/osx-arm64/gnuradio-3.10.12.0-py313h1afa1c0_8.conda#d5a824efb6e4189a51021cc36737bc10
https://conda.anaconda.org/t/**********/ryanvolz/osx-arm64/gnuradio-ieee802_11-0.0.0.20250915.dev%2Bgbf25796-np2py313h63be130_2.conda#309e9ba0ae6c5e1d2c8d5cb3870d936f
https://conda.anaconda.org/t/**********/ryanvolz/osx-arm64/gnuradio-ieee802_15_4-3.6.post20250304%2Bg61f4c4a-np2py313h3faa3e6_4.conda#43ea714aca5d03678ad0924e8299856c
https://conda.anaconda.org/t/**********/ryanvolz/osx-arm64/gnuradio-inspector-0.0.0.20250303.dev%2Bgad6a69e-np2py313h30b1629_5.conda#d16893e7fb8ac1ab38bb0a2f34f7c3dd
https://conda.anaconda.org/t/**********/conda-forge/osx-arm64/gnuradio-osmosdr-0.2.6-py313h94e6ee9_12.conda#29738b19126d8efb4530860a9fe53c9c
https://conda.anaconda.org/t/**********/conda-forge/osx-arm64/gnuradio-satellites-5.9.0-py313he9aee80_2.conda#e887147d25e509077765559d2c7e2d52
https://conda.anaconda.org/t/**********/conda-forge/noarch/pyfda-0.9.5-pyh9208f05_2.conda#f5c065c5905232b11cf523ad26edb321
https://conda.anaconda.org/t/**********/conda-forge/osx-arm64/gnss-sdr-0.0.20-h16c4b1f_5.conda#6a7b95cb5fa9a6abb936795dabd50aa1
https://conda.anaconda.org/t/**********/conda-forge/osx-arm64/gqrx-2.17.7-h29a4519_3.conda#ce6ad13d57e27be93aee79d81f42ba09
